{
    "_readme": [
        "This file locks the dependencies of your project to a known state",
        "Read more about it at https://getcomposer.org/doc/01-basic-usage.md#composer-lock-the-lock-file",
        "This file is @generated automatically"
    ],
    "hash": "0b8c2243772bc1d19a2370b3e206f366",
    "content-hash": "9da61f7dcf6013c2004afcbbaece5eba",
    "packages": [
        {
            "name": "h5p/h5p-core",
            "version": "1.16.0",
            "source": {
                "type": "git",
                "url": "https://github.com/h5p/h5p-php-library.git",
                "reference": "64f170b8a3a93713180564ec82cf61bd80252ac7"
            },
            "dist": {
                "type": "zip",
                "url": "https://api.github.com/repos/h5p/h5p-php-library/zipball/64f170b8a3a93713180564ec82cf61bd80252ac7",
                "reference": "64f170b8a3a93713180564ec82cf61bd80252ac7",
                "shasum": ""
            },
            "require": {
                "php": ">=5.3.0"
            },
            "type": "library",
            "autoload": {
                "files": [
                    "h5p.classes.php",
                    "h5p-development.class.php",
                    "h5p-file-storage.interface.php",
                    "h5p-default-storage.class.php",
                    "h5p-event-base.class.php"
                ]
            },
            "notification-url": "https://packagist.org/downloads/",
            "license": [
                "GPL-3.0"
            ],
            "authors": [
                {
                    "name": "Svein-Tore Griff With",
                    "email": "with@joubel.com",
                    "homepage": "http://joubel.com",
                    "role": "CEO"
                },
                {
                    "name": "Frode Petterson",
                    "email": "frode.petterson@joubel.com",
                    "homepage": "http://joubel.com",
                    "role": "Developer"
                }
            ],
            "description": "H5P Core functionality in PHP",
            "homepage": "https://h5p.org",
            "keywords": [
                "content",
                "h5p",
                "hvp",
                "interactive",
                "quiz"
            ],
            "time": "2017-08-24 10:40:53"
        },
        {
            "name": "h5p/h5p-editor",
            "version": "1.16.0",
            "source": {
                "type": "git",
                "url": "https://github.com/h5p/h5p-editor-php-library.git",
                "reference": "0100d5e301a5e6a45f32f74eaf27f825ec948c37"
            },
            "dist": {
                "type": "zip",
                "url": "https://api.github.com/repos/h5p/h5p-editor-php-library/zipball/0100d5e301a5e6a45f32f74eaf27f825ec948c37",
                "reference": "0100d5e301a5e6a45f32f74eaf27f825ec948c37",
                "shasum": ""
            },
            "require": {
                "php": ">=5.3.0"
            },
            "type": "library",
            "autoload": {
                "files": [
                    "h5peditor.class.php",
                    "h5peditor-file.class.php",
                    "h5peditor-ajax.class.php",
                    "h5peditor-storage.interface.php",
                    "h5peditor-ajax.interface.php"
                ]
            },
            "notification-url": "https://packagist.org/downloads/",
            "license": [
                "GPL-3.0"
            ],
            "authors": [
                {
                    "name": "Svein-Tore Griff With",
                    "email": "with@joubel.com",
                    "homepage": "http://joubel.com",
                    "role": "CEO"
                },
                {
                    "name": "Frode Petterson",
                    "email": "frode.petterson@joubel.com",
                    "homepage": "http://joubel.com",
                    "role": "Developer"
                }
            ],
            "description": "H5P Editor functionality in PHP",
            "homepage": "https://h5p.org",
            "keywords": [
                "content",
                "editor",
                "h5p",
                "hvp",
                "interactive",
                "quiz"
            ],
            "time": "2017-09-14 12:01:01"
        }
    ],
    "packages-dev": [],
    "aliases": [],
    "minimum-stability": "stable",
    "stability-flags": [],
    "prefer-stable": false,
    "prefer-lowest": false,
    "platform": [],
    "platform-dev": []
}
