{
    "_readme": [
        "This file locks the dependencies of your project to a known state",
        "Read more about it at https://getcomposer.org/doc/01-basic-usage.md#composer-lock-the-lock-file",
        "This file is @generated automatically"
    ],
    "content-hash": "bacb274f50487e34f9e0209a29edb273",
    "packages": [
        {
            "name": "h5p/h5p-core",
            "version": "1.24.0",
            "source": {
                "type": "git",
                "url": "https://github.com/h5p/h5p-php-library.git",
                "reference": "55b04018d7def8d2288b768adbcb3cc152fdbd53"
            },
            "dist": {
                "type": "zip",
                "url": "https://api.github.com/repos/h5p/h5p-php-library/zipball/55b04018d7def8d2288b768adbcb3cc152fdbd53",
                "reference": "55b04018d7def8d2288b768adbcb3cc152fdbd53",
                "shasum": ""
            },
            "require": {
                "php": ">=5.3.0"
            },
            "type": "library",
            "autoload": {
                "files": [
                    "h5p.classes.php",
                    "h5p-development.class.php",
                    "h5p-file-storage.interface.php",
                    "h5p-default-storage.class.php",
                    "h5p-event-base.class.php",
                    "h5p-metadata.class.php"
                ]
            },
            "notification-url": "https://packagist.org/downloads/",
            "license": [
                "GPL-3.0"
            ],
            "authors": [
                {
                    "name": "Svein-Tore Griff With",
                    "email": "with@joubel.com",
                    "homepage": "http://joubel.com",
                    "role": "CEO"
                },
                {
                    "name": "Frode Petterson",
                    "email": "frode.petterson@joubel.com",
                    "homepage": "http://joubel.com",
                    "role": "Developer"
                }
            ],
            "description": "H5P Core functionality in PHP",
            "homepage": "https://h5p.org",
            "keywords": [
                "content",
                "h5p",
                "hvp",
                "interactive",
                "quiz"
            ],
            "time": "2019-10-30T10:42:15+00:00"
        },
        {
            "name": "h5p/h5p-editor",
            "version": "1.24.1",
            "source": {
                "type": "git",
                "url": "https://github.com/h5p/h5p-editor-php-library.git",
                "reference": "9361892a22ac6ab91e010e0b8a0a0e836f45a16a"
            },
            "dist": {
                "type": "zip",
                "url": "https://api.github.com/repos/h5p/h5p-editor-php-library/zipball/9361892a22ac6ab91e010e0b8a0a0e836f45a16a",
                "reference": "9361892a22ac6ab91e010e0b8a0a0e836f45a16a",
                "shasum": ""
            },
            "require": {
                "php": ">=5.3.0"
            },
            "type": "library",
            "autoload": {
                "files": [
                    "h5peditor.class.php",
                    "h5peditor-file.class.php",
                    "h5peditor-ajax.class.php",
                    "h5peditor-storage.interface.php",
                    "h5peditor-ajax.interface.php"
                ]
            },
            "notification-url": "https://packagist.org/downloads/",
            "license": [
                "GPL-3.0"
            ],
            "authors": [
                {
                    "name": "Svein-Tore Griff With",
                    "email": "with@joubel.com",
                    "homepage": "http://joubel.com",
                    "role": "CEO"
                },
                {
                    "name": "Frode Petterson",
                    "email": "frode.petterson@joubel.com",
                    "homepage": "http://joubel.com",
                    "role": "Developer"
                }
            ],
            "description": "H5P Editor functionality in PHP",
            "homepage": "https://h5p.org",
            "keywords": [
                "content",
                "editor",
                "h5p",
                "hvp",
                "interactive",
                "quiz"
            ],
            "time": "2019-10-30T14:56:53+00:00"
        },
        {
            "name": "srag/activerecordconfig",
            "version": "v0.16.3",
            "source": {
                "type": "git",
                "url": "https://github.com/studer-raimann/ActiveRecordConfig.git",
                "reference": "e9fdbeff6e2b2a05aca25d03e625ae9de98ea9ed"
            },
            "dist": {
                "type": "zip",
                "url": "https://api.github.com/repos/studer-raimann/ActiveRecordConfig/zipball/e9fdbeff6e2b2a05aca25d03e625ae9de98ea9ed",
                "reference": "e9fdbeff6e2b2a05aca25d03e625ae9de98ea9ed",
                "shasum": ""
            },
            "require": {
                "php": ">=5.6",
                "srag/custominputguis": ">=0.1.0",
                "srag/dic": ">=0.1.0"
            },
            "type": "library",
            "autoload": {
                "psr-4": {
                    "srag\\ActiveRecordConfig\\H5P\\": "src/"
                }
            },
            "notification-url": "https://packagist.org/downloads/",
            "license": [
                "GPL-3.0-only"
            ],
            "authors": [
                {
                    "name": "studer + raimann ag - Team Custom 1",
                    "email": "support-custom1@studer-raimann.ch",
                    "homepage": "https://studer-raimann.ch",
                    "role": "Developer"
                }
            ],
            "description": "Simple ActiveRecord config for ILIAS plugins",
            "homepage": "https://github.com/studer-raimann/ActiveRecordConfig",
            "keywords": [
                "ILIAS",
                "activerecord",
                "config"
            ],
            "time": "2019-09-03T08:14:04+00:00"
        },
        {
            "name": "srag/custominputguis",
            "version": "v0.26.1",
            "source": {
                "type": "git",
                "url": "https://github.com/studer-raimann/CustomInputGUIs.git",
                "reference": "8b3805e9478c4c57389a4b4606a6dd58fa35d54e"
            },
            "dist": {
                "type": "zip",
                "url": "https://api.github.com/repos/studer-raimann/CustomInputGUIs/zipball/8b3805e9478c4c57389a4b4606a6dd58fa35d54e",
                "reference": "8b3805e9478c4c57389a4b4606a6dd58fa35d54e",
                "shasum": ""
            },
            "require": {
                "php": ">=5.6",
                "srag/dic": ">=0.1.0"
            },
            "type": "library",
            "autoload": {
                "psr-4": {
                    "srag\\CustomInputGUIs\\": "src/"
                }
            },
            "notification-url": "https://packagist.org/downloads/",
            "license": [
                "GPL-3.0-only"
            ],
            "authors": [
                {
                    "name": "studer + raimann ag - Team Custom 1",
                    "email": "support-custom1@studer-raimann.ch",
                    "homepage": "https://studer-raimann.ch",
                    "role": "Developer"
                }
            ],
            "description": "Custom Input-GUI's",
            "homepage": "https://github.com/studer-raimann/CustomInputGUIs",
            "keywords": [
                "ILIAS",
                "PropertyForm",
                "gui",
                "input",
                "table"
            ],
            "time": "2019-11-06T09:29:49+00:00"
        },
        {
            "name": "srag/dic",
            "version": "v0.19.1",
            "source": {
                "type": "git",
                "url": "https://github.com/studer-raimann/DIC.git",
                "reference": "27d2533be7652c7599970efb65019eea711539d9"
            },
            "dist": {
                "type": "zip",
                "url": "https://api.github.com/repos/studer-raimann/DIC/zipball/27d2533be7652c7599970efb65019eea711539d9",
                "reference": "27d2533be7652c7599970efb65019eea711539d9",
                "shasum": ""
            },
            "require": {
                "php": ">=7.0"
            },
            "type": "library",
            "autoload": {
                "psr-4": {
                    "srag\\DIC\\": "src/"
                }
            },
            "notification-url": "https://packagist.org/downloads/",
            "license": [
                "GPL-3.0-only"
            ],
            "authors": [
                {
                    "name": "studer + raimann ag - Team Custom 1",
                    "email": "support-custom1@studer-raimann.ch",
                    "homepage": "https://studer-raimann.ch",
                    "role": "Developer"
                }
            ],
            "description": "Use all ILIAS globals in your class",
            "homepage": "https://github.com/studer-raimann/DIC",
            "keywords": [
                "ILIAS",
                "dic",
                "globals",
                "trait"
            ],
            "time": "2019-11-06T09:25:37+00:00"
        },
        {
            "name": "srag/librariesnamespacechanger",
            "version": "v0.6.13",
            "source": {
                "type": "git",
                "url": "https://github.com/studer-raimann/LibrariesNamespaceChanger.git",
                "reference": "b90172668c936568dc0b6a992a7ac046b3fc5546"
            },
            "dist": {
                "type": "zip",
                "url": "https://api.github.com/repos/studer-raimann/LibrariesNamespaceChanger/zipball/b90172668c936568dc0b6a992a7ac046b3fc5546",
                "reference": "b90172668c936568dc0b6a992a7ac046b3fc5546",
                "shasum": ""
            },
            "require": {
                "php": ">=5.6"
            },
            "type": "library",
            "autoload": {
                "psr-4": {
                    "srag\\LibrariesNamespaceChanger\\": "src/"
                }
            },
            "notification-url": "https://packagist.org/downloads/",
            "license": [
                "GPL-3.0-only"
            ],
            "authors": [
                {
                    "name": "studer + raimann ag - Team Custom 1",
                    "email": "support-custom1@studer-raimann.ch",
                    "homepage": "https://studer-raimann.ch",
                    "role": "Developer"
                }
            ],
            "description": "Change namespace of libraries to plugin namespace",
            "homepage": "https://github.com/studer-raimann/LibrariesNamespaceChanger",
            "keywords": [
                "ILIAS",
                "libraries"
            ],
            "time": "2019-09-19T08:53:12+00:00"
        },
        {
            "name": "srag/removeplugindataconfirm",
            "version": "v0.4.1",
            "source": {
                "type": "git",
                "url": "https://github.com/studer-raimann/RemovePluginDataConfirm.git",
                "reference": "fc1f1828c05ac2548d3b4022d53422cf1335ffc2"
            },
            "dist": {
                "type": "zip",
                "url": "https://api.github.com/repos/studer-raimann/RemovePluginDataConfirm/zipball/fc1f1828c05ac2548d3b4022d53422cf1335ffc2",
                "reference": "fc1f1828c05ac2548d3b4022d53422cf1335ffc2",
                "shasum": ""
            },
            "require": {
                "php": ">=5.6",
                "srag/dic": ">=0.1.0"
            },
            "type": "library",
            "autoload": {
                "psr-4": {
                    "srag\\RemovePluginDataConfirm\\H5P\\": "src/"
                }
            },
            "notification-url": "https://packagist.org/downloads/",
            "license": [
                "GPL-3.0-only"
            ],
            "authors": [
                {
                    "name": "studer + raimann ag - Team Custom 1",
                    "email": "support-custom1@studer-raimann.ch",
                    "homepage": "https://studer-raimann.ch",
                    "role": "Developer"
                }
            ],
            "description": "Demand if plugin data should be removed on uninstall",
            "homepage": "https://github.com/studer-raimann/RemovePluginDataConfirm",
            "keywords": [
                "ILIAS",
                "confirm",
                "data",
                "plugin",
                "uninstall"
            ],
            "time": "2019-03-26T13:17:27+00:00"
        }
    ],
    "packages-dev": [],
    "aliases": [],
    "minimum-stability": "stable",
    "stability-flags": [],
    "prefer-stable": false,
    "prefer-lowest": false,
    "platform": {
        "php": ">=5.6"
    },
    "platform-dev": []
}
