{
    "_readme": [
        "This file locks the dependencies of your project to a known state",
        "Read more about it at https://getcomposer.org/doc/01-basic-usage.md#installing-dependencies",
        "This file is @generated automatically"
    ],
    "content-hash": "96bdb21eee9d0c19f0521ec0836f6a61",
    "packages": [
        {
            "name": "h5p/h5p-core",
            "version": "1.24.3",
            "source": {
                "type": "git",
                "url": "https://github.com/h5p/h5p-php-library.git",
                "reference": "db3da7a1441ae6c9ffacbb8110f41758c85beaa0"
            },
            "dist": {
                "type": "zip",
                "url": "https://api.github.com/repos/h5p/h5p-php-library/zipball/db3da7a1441ae6c9ffacbb8110f41758c85beaa0",
                "reference": "db3da7a1441ae6c9ffacbb8110f41758c85beaa0",
                "shasum": ""
            },
            "require": {
                "php": ">=5.3.0"
            },
            "type": "library",
            "autoload": {
                "files": [
                    "h5p.classes.php",
                    "h5p-development.class.php",
                    "h5p-file-storage.interface.php",
                    "h5p-default-storage.class.php",
                    "h5p-event-base.class.php",
                    "h5p-metadata.class.php"
                ]
            },
            "notification-url": "https://packagist.org/downloads/",
            "license": [
                "GPL-3.0"
            ],
            "authors": [
                {
                    "name": "Svein-Tore Griff With",
                    "email": "with@joubel.com",
                    "homepage": "http://joubel.com",
                    "role": "CEO"
                },
                {
                    "name": "Frode Petterson",
                    "email": "frode.petterson@joubel.com",
                    "homepage": "http://joubel.com",
                    "role": "Developer"
                }
            ],
            "description": "H5P Core functionality in PHP",
            "homepage": "https://h5p.org",
            "keywords": [
                "content",
                "h5p",
                "hvp",
                "interactive",
                "quiz"
            ],
            "time": "2021-04-22T09:30:45+00:00"
        },
        {
            "name": "h5p/h5p-editor",
            "version": "1.24.3",
            "source": {
                "type": "git",
                "url": "https://github.com/h5p/h5p-editor-php-library.git",
                "reference": "338ae5bad572fe3d7c0a355d8ba8e24f360bb698"
            },
            "dist": {
                "type": "zip",
                "url": "https://api.github.com/repos/h5p/h5p-editor-php-library/zipball/338ae5bad572fe3d7c0a355d8ba8e24f360bb698",
                "reference": "338ae5bad572fe3d7c0a355d8ba8e24f360bb698",
                "shasum": ""
            },
            "require": {
                "php": ">=5.3.0"
            },
            "type": "library",
            "autoload": {
                "files": [
                    "h5peditor.class.php",
                    "h5peditor-file.class.php",
                    "h5peditor-ajax.class.php",
                    "h5peditor-storage.interface.php",
                    "h5peditor-ajax.interface.php"
                ]
            },
            "notification-url": "https://packagist.org/downloads/",
            "license": [
                "GPL-3.0"
            ],
            "authors": [
                {
                    "name": "Svein-Tore Griff With",
                    "email": "with@joubel.com",
                    "homepage": "http://joubel.com",
                    "role": "CEO"
                },
                {
                    "name": "Frode Petterson",
                    "email": "frode.petterson@joubel.com",
                    "homepage": "http://joubel.com",
                    "role": "Developer"
                }
            ],
            "description": "H5P Editor functionality in PHP",
            "homepage": "https://h5p.org",
            "keywords": [
                "content",
                "editor",
                "h5p",
                "hvp",
                "interactive",
                "quiz"
            ],
            "time": "2021-06-13T17:44:27+00:00"
        },
        {
            "name": "srag/activerecordconfig",
            "version": "0.21.1",
            "source": {
                "type": "git",
                "url": "https://github.com/fluxapps/ActiveRecordConfig.git",
                "reference": "a717d2f31140a78e71517a6b8d3972e107f1eacb"
            },
            "dist": {
                "type": "zip",
                "url": "https://api.github.com/repos/fluxapps/ActiveRecordConfig/zipball/a717d2f31140a78e71517a6b8d3972e107f1eacb",
                "reference": "a717d2f31140a78e71517a6b8d3972e107f1eacb",
                "shasum": ""
            },
            "require": {
                "php": ">=7.2",
                "srag/custominputguis": ">=0.1.0",
                "srag/dic": ">=0.1.0"
            },
            "require-dev": {
                "srag/generateplugininfoshelper": ">=0.1.0"
            },
            "type": "library",
            "extra": {
                "ilias_plugin": {
                    "ilias_min_version": "6.0",
                    "ilias_max_version": "7.999"
                }
            },
            "autoload": {
                "psr-4": {
                    "srag\\ActiveRecordConfig\\H5P\\": "src/"
                }
            },
            "notification-url": "https://packagist.org/downloads/",
            "license": [
                "GPL-3.0-only"
            ],
            "authors": [
                {
                    "name": "fluxlabs",
                    "email": "support@fluxlabs.ch",
                    "homepage": "https://fluxlabs.ch",
                    "role": "Developer"
                }
            ],
            "description": "Simple ActiveRecord config for ILIAS plugins",
            "homepage": "https://github.com/fluxapps/ActiveRecordConfig",
            "keywords": [
                "ILIAS",
                "activerecord",
                "config"
            ],
            "time": "2021-07-20T08:32:29+00:00"
        },
        {
            "name": "srag/custominputguis",
            "version": "0.43.2",
            "source": {
                "type": "git",
                "url": "https://github.com/fluxapps/CustomInputGUIs.git",
                "reference": "547ac0aaf7056848aac936b965e8847deb1cf415"
            },
            "dist": {
                "type": "zip",
                "url": "https://api.github.com/repos/fluxapps/CustomInputGUIs/zipball/547ac0aaf7056848aac936b965e8847deb1cf415",
                "reference": "547ac0aaf7056848aac936b965e8847deb1cf415",
                "shasum": ""
            },
            "require": {
                "php": ">=7.2",
                "srag/dic": ">=0.1.0"
            },
            "require-dev": {
                "srag/generateplugininfoshelper": ">=0.1.0"
            },
            "type": "library",
            "extra": {
                "ilias_plugin": {
                    "ilias_min_version": "6.0",
                    "ilias_max_version": "7.999"
                }
            },
            "autoload": {
                "psr-4": {
                    "srag\\CustomInputGUIs\\H5P\\": "src/"
                },
                "classmap": [
                    "src/MultiSelectSearchNewInputGUI/class.ObjectChildrenAjaxAutoCompleteCtrl.php",
                    "src/MultiSelectSearchNewInputGUI/class.ObjectsAjaxAutoCompleteCtrl.php",
                    "src/MultiSelectSearchNewInputGUI/class.OrgUnitAjaxAutoCompleteCtrl.php",
                    "src/MultiSelectSearchNewInputGUI/class.UsersAjaxAutoCompleteCtrl.php"
                ]
            },
            "notification-url": "https://packagist.org/downloads/",
            "license": [
                "GPL-3.0-only"
            ],
            "authors": [
                {
                    "name": "fluxlabs",
                    "email": "support@fluxlabs.ch",
                    "homepage": "https://fluxlabs.ch",
                    "role": "Developer"
                }
            ],
            "description": "Custom Input-GUI's",
            "homepage": "https://github.com/fluxapps/CustomInputGUIs",
            "keywords": [
                "ILIAS",
                "PropertyForm",
                "gui",
                "input",
                "table"
            ],
            "time": "2021-08-31T08:50:12+00:00"
        },
        {
            "name": "srag/devtools",
            "version": "1.3.1",
            "source": {
                "type": "git",
                "url": "https://github.com/fluxapps/DevTools.git",
                "reference": "8e31c61951a4cc741b06ff1adb4f4bab6ada5e92"
            },
            "dist": {
                "type": "zip",
                "url": "https://api.github.com/repos/fluxapps/DevTools/zipball/8e31c61951a4cc741b06ff1adb4f4bab6ada5e92",
                "reference": "8e31c61951a4cc741b06ff1adb4f4bab6ada5e92",
                "shasum": ""
            },
            "require": {
                "php": ">=7.2",
                "srag/dic": ">=0.1.0",
                "srag/librarylanguageinstaller": ">=0.1.0"
            },
            "require-dev": {
                "srag/generateplugininfoshelper": ">=0.1.0"
            },
            "type": "library",
            "extra": {
                "ilias_plugin": {
                    "ilias_min_version": "6.0",
                    "ilias_max_version": "7.999"
                }
            },
            "autoload": {
                "psr-4": {
                    "srag\\DevTools\\H5P\\": "src/"
                },
                "classmap": [
                    "src/class.DevToolsCtrl.php"
                ]
            },
            "notification-url": "https://packagist.org/downloads/",
            "license": [
                "GPL-3.0-only"
            ],
            "authors": [
                {
                    "name": "fluxlabs",
                    "email": "support@fluxlabs.ch",
                    "homepage": "https://fluxlabs.ch",
                    "role": "Developer"
                }
            ],
            "description": "Add some dev tools to ILIAS plugin config, if core dev mode is enabled, like reload ctrl structure",
            "homepage": "https://github.com/fluxapps/DevTools",
            "keywords": [
                "ILIAS",
                "dev",
                "plugin",
                "tools"
            ],
            "time": "2021-07-20T08:32:08+00:00"
        },
        {
            "name": "srag/dic",
            "version": "0.33.2",
            "source": {
                "type": "git",
                "url": "https://github.com/fluxapps/DIC.git",
                "reference": "a3b217ecba4964b7dc71ed332c503d35edfc78fe"
            },
            "dist": {
                "type": "zip",
                "url": "https://api.github.com/repos/fluxapps/DIC/zipball/a3b217ecba4964b7dc71ed332c503d35edfc78fe",
                "reference": "a3b217ecba4964b7dc71ed332c503d35edfc78fe",
                "shasum": ""
            },
            "require": {
                "php": ">=7.2"
            },
            "require-dev": {
                "srag/generateplugininfoshelper": ">=0.1.0"
            },
            "type": "library",
            "extra": {
                "ilias_plugin": {
                    "ilias_min_version": "6.0",
                    "ilias_max_version": "7.999"
                }
            },
            "autoload": {
                "psr-4": {
                    "srag\\DIC\\H5P\\": "src/"
                }
            },
            "notification-url": "https://packagist.org/downloads/",
            "license": [
                "GPL-3.0-only"
            ],
            "authors": [
                {
                    "name": "fluxlabs",
                    "email": "support@fluxlabs.ch",
                    "homepage": "https://fluxlabs.ch",
                    "role": "Developer"
                }
            ],
            "description": "Use all ILIAS globals in your class",
            "homepage": "https://github.com/fluxapps/DIC",
            "keywords": [
                "ILIAS",
                "dic",
                "globals",
                "trait"
            ],
            "time": "2021-07-20T11:49:07+00:00"
        },
        {
            "name": "srag/librariesnamespacechanger",
            "version": "0.16.1",
            "source": {
                "type": "git",
                "url": "https://github.com/fluxapps/LibrariesNamespaceChanger.git",
                "reference": "186c543c88544ecf3907767e1645d4faf37dede0"
            },
            "dist": {
                "type": "zip",
                "url": "https://api.github.com/repos/fluxapps/LibrariesNamespaceChanger/zipball/186c543c88544ecf3907767e1645d4faf37dede0",
                "reference": "186c543c88544ecf3907767e1645d4faf37dede0",
                "shasum": ""
            },
            "require": {
                "php": ">=7.2"
            },
            "require-dev": {
                "srag/generateplugininfoshelper": ">=0.1.0"
            },
            "type": "library",
            "autoload": {
                "psr-4": {
                    "srag\\LibrariesNamespaceChanger\\": "src/"
                }
            },
            "notification-url": "https://packagist.org/downloads/",
            "license": [
                "GPL-3.0-only"
            ],
            "authors": [
                {
                    "name": "fluxlabs",
                    "email": "support@fluxlabs.ch",
                    "homepage": "https://fluxlabs.ch",
                    "role": "Developer"
                }
            ],
            "description": "Change namespace of libraries to plugin namespace",
            "homepage": "https://github.com/fluxapps/LibrariesNamespaceChanger",
            "keywords": [
                "changer",
                "libraries",
                "namespace"
            ],
            "time": "2021-07-20T08:31:26+00:00"
        },
        {
            "name": "srag/librarylanguageinstaller",
            "version": "1.2.1",
            "source": {
                "type": "git",
                "url": "https://github.com/fluxapps/LibraryLanguageInstaller.git",
                "reference": "7c0e146d92f66368e9c756bc89e257fc60ea3e59"
            },
            "dist": {
                "type": "zip",
                "url": "https://api.github.com/repos/fluxapps/LibraryLanguageInstaller/zipball/7c0e146d92f66368e9c756bc89e257fc60ea3e59",
                "reference": "7c0e146d92f66368e9c756bc89e257fc60ea3e59",
                "shasum": ""
            },
            "require": {
                "php": ">=7.2",
                "srag/dic": ">=0.1.0"
            },
            "require-dev": {
                "srag/generateplugininfoshelper": ">=0.1.0"
            },
            "type": "library",
            "extra": {
                "ilias_plugin": {
                    "ilias_min_version": "6.0",
                    "ilias_max_version": "7.999"
                }
            },
            "autoload": {
                "psr-4": {
                    "srag\\LibraryLanguageInstaller\\H5P\\": "src/"
                }
            },
            "notification-url": "https://packagist.org/downloads/",
            "license": [
                "GPL-3.0-only"
            ],
            "authors": [
                {
                    "name": "fluxlabs",
                    "email": "support@fluxlabs.ch",
                    "homepage": "https://fluxlabs.ch",
                    "role": "Developer"
                }
            ],
            "description": "Install additional and external lang files for a plugin",
            "homepage": "https://github.com/fluxapps/LibraryLanguageInstaller",
            "keywords": [
                "ILIAS",
                "installer",
                "language",
                "library"
            ],
            "time": "2021-07-20T08:31:18+00:00"
        },
        {
            "name": "srag/removeplugindataconfirm",
            "version": "0.8.1",
            "source": {
                "type": "git",
                "url": "https://github.com/fluxapps/RemovePluginDataConfirm.git",
                "reference": "c2bdd6425e04edc3d49da36b0822ba2b33e21600"
            },
            "dist": {
                "type": "zip",
                "url": "https://api.github.com/repos/fluxapps/RemovePluginDataConfirm/zipball/c2bdd6425e04edc3d49da36b0822ba2b33e21600",
                "reference": "c2bdd6425e04edc3d49da36b0822ba2b33e21600",
                "shasum": ""
            },
            "require": {
                "php": ">=7.2",
                "srag/dic": ">=0.1.0",
                "srag/librarylanguageinstaller": ">=0.1.0"
            },
            "require-dev": {
                "srag/generateplugininfoshelper": ">=0.1.0"
            },
            "type": "library",
            "extra": {
                "ilias_plugin": {
                    "ilias_min_version": "6.0",
                    "ilias_max_version": "7.999"
                }
            },
            "autoload": {
                "psr-4": {
                    "srag\\RemovePluginDataConfirm\\H5P\\": "src/"
                },
                "classmap": [
                    "src/class.RemovePluginDataConfirmCtrl.php"
                ]
            },
            "notification-url": "https://packagist.org/downloads/",
            "license": [
                "GPL-3.0-only"
            ],
            "authors": [
                {
                    "name": "fluxlabs",
                    "email": "support@fluxlabs.ch",
                    "homepage": "https://fluxlabs.ch",
                    "role": "Developer"
                }
            ],
            "description": "Demand if plugin data should be removed on uninstall",
            "homepage": "https://github.com/fluxapps/RemovePluginDataConfirm",
            "keywords": [
                "ILIAS",
                "confirm",
                "data",
                "plugin",
                "uninstall"
            ],
            "time": "2021-07-20T08:30:56+00:00"
        }
    ],
    "packages-dev": [],
    "aliases": [],
    "minimum-stability": "stable",
    "stability-flags": [],
    "prefer-stable": false,
    "prefer-lowest": false,
    "platform": {
        "php": ">=7.0"
    },
    "platform-dev": [],
    "plugin-api-version": "1.1.0"
}
