{
    "_readme": [
        "This file locks the dependencies of your project to a known state",
        "Read more about it at https://getcomposer.org/doc/01-basic-usage.md#composer-lock-the-lock-file",
        "This file is @generated automatically"
    ],
    "content-hash": "2960d1dae136cd82cd708ae9765807c4",
    "packages": [
        {
            "name": "h5p/h5p-core",
            "version": "1.18.0",
            "source": {
                "type": "git",
                "url": "https://github.com/h5p/h5p-php-library.git",
                "reference": "942a083afa46e37f872a35b06890de3414237dcd"
            },
            "dist": {
                "type": "zip",
                "url": "https://api.github.com/repos/h5p/h5p-php-library/zipball/942a083afa46e37f872a35b06890de3414237dcd",
                "reference": "942a083afa46e37f872a35b06890de3414237dcd",
                "shasum": ""
            },
            "require": {
                "php": ">=5.3.0"
            },
            "type": "library",
            "autoload": {
                "files": [
                    "h5p.classes.php",
                    "h5p-development.class.php",
                    "h5p-file-storage.interface.php",
                    "h5p-default-storage.class.php",
                    "h5p-event-base.class.php"
                ]
            },
            "notification-url": "https://packagist.org/downloads/",
            "license": [
                "GPL-3.0"
            ],
            "authors": [
                {
                    "name": "Svein-Tore Griff With",
                    "email": "with@joubel.com",
                    "homepage": "http://joubel.com",
                    "role": "CEO"
                },
                {
                    "name": "Frode Petterson",
                    "email": "frode.petterson@joubel.com",
                    "homepage": "http://joubel.com",
                    "role": "Developer"
                }
            ],
            "description": "H5P Core functionality in PHP",
            "homepage": "https://h5p.org",
            "keywords": [
                "content",
                "h5p",
                "hvp",
                "interactive",
                "quiz"
            ],
            "time": "2018-05-16T13:16:34+00:00"
        },
        {
            "name": "h5p/h5p-editor",
            "version": "1.17.1",
            "source": {
                "type": "git",
                "url": "https://github.com/h5p/h5p-editor-php-library.git",
                "reference": "06e52c65be4323a721172ee7eb8b80908c4ce6be"
            },
            "dist": {
                "type": "zip",
                "url": "https://api.github.com/repos/h5p/h5p-editor-php-library/zipball/06e52c65be4323a721172ee7eb8b80908c4ce6be",
                "reference": "06e52c65be4323a721172ee7eb8b80908c4ce6be",
                "shasum": ""
            },
            "require": {
                "php": ">=5.3.0"
            },
            "type": "library",
            "autoload": {
                "files": [
                    "h5peditor.class.php",
                    "h5peditor-file.class.php",
                    "h5peditor-ajax.class.php",
                    "h5peditor-storage.interface.php",
                    "h5peditor-ajax.interface.php"
                ]
            },
            "notification-url": "https://packagist.org/downloads/",
            "license": [
                "GPL-3.0"
            ],
            "authors": [
                {
                    "name": "Svein-Tore Griff With",
                    "email": "with@joubel.com",
                    "homepage": "http://joubel.com",
                    "role": "CEO"
                },
                {
                    "name": "Frode Petterson",
                    "email": "frode.petterson@joubel.com",
                    "homepage": "http://joubel.com",
                    "role": "Developer"
                }
            ],
            "description": "H5P Editor functionality in PHP",
            "homepage": "https://h5p.org",
            "keywords": [
                "content",
                "editor",
                "h5p",
                "hvp",
                "interactive",
                "quiz"
            ],
            "time": "2018-01-22T12:39:38+00:00"
        },
        {
            "name": "srag/activerecordconfig",
            "version": "0.4.1",
            "source": {
                "type": "git",
                "url": "https://github.com/studer-raimann/ActiveRecordConfig.git",
                "reference": "dcf8a196ade7682283cf8014584bce52278af791"
            },
            "dist": {
                "type": "zip",
                "url": "https://api.github.com/repos/studer-raimann/ActiveRecordConfig/zipball/dcf8a196ade7682283cf8014584bce52278af791",
                "reference": "dcf8a196ade7682283cf8014584bce52278af791",
                "shasum": ""
            },
            "require": {
                "srag/dic": "^0.2.1"
            },
            "type": "library",
            "autoload": {
                "psr-4": {
                    "srag\\ActiveRecordConfig\\": "src/"
                }
            },
            "notification-url": "https://packagist.org/downloads/",
            "license": [
                "GPL-3.0-only"
            ],
            "authors": [
                {
                    "name": "srag",
                    "email": "support@studer-raimann.ch",
                    "homepage": "https://studer-raimann.ch",
                    "role": "Developer"
                }
            ],
            "description": "Simple ActiveRecord config for ILIAS plugins",
            "homepage": "https://github.com/studer-raimann/ActiveRecordConfig",
            "keywords": [
                "ILIAS",
                "activerecord",
                "config"
            ],
            "time": "2018-08-23T08:44:13+00:00"
        },
        {
            "name": "srag/dic",
            "version": "0.2.1",
            "source": {
                "type": "git",
                "url": "https://github.com/studer-raimann/DIC.git",
                "reference": "70b844bd5179f3720195c8042ea5b08f10157186"
            },
            "dist": {
                "type": "zip",
                "url": "https://api.github.com/repos/studer-raimann/DIC/zipball/70b844bd5179f3720195c8042ea5b08f10157186",
                "reference": "70b844bd5179f3720195c8042ea5b08f10157186",
                "shasum": ""
            },
            "type": "library",
            "autoload": {
                "psr-4": {
                    "srag\\DIC\\": "src/"
                }
            },
            "notification-url": "https://packagist.org/downloads/",
            "license": [
                "GPL-3.0-only"
            ],
            "authors": [
                {
                    "name": "srag",
                    "email": "support@studer-raimann.ch",
                    "homepage": "https://studer-raimann.ch",
                    "role": "Developer"
                }
            ],
            "description": "Use all ILIAS globals in your class",
            "homepage": "https://github.com/studer-raimann/DIC",
            "keywords": [
                "ILIAS",
                "dic",
                "globals",
                "trait"
            ],
            "time": "2018-08-20T10:53:47+00:00"
        }
    ],
    "packages-dev": [],
    "aliases": [],
    "minimum-stability": "stable",
    "stability-flags": [],
    "prefer-stable": false,
    "prefer-lowest": false,
    "platform": [],
    "platform-dev": []
}
